// !$*UTF8*$!
{
	archiveVersion = 1;
	classes = {
	};
	objectVersion = 56;
	objects = {

/* Begin PBXBuildFile section */
		BA98ED9B2B7CB87A00284E4D /* AppDelegate.swift in Sources */ = {isa = PBXBuildFile; fileRef = BA98ED9A2B7CB87A00284E4D /* AppDelegate.swift */; };
		BA98ED9D2B7CB87A00284E4D /* SceneDelegate.swift in Sources */ = {isa = PBXBuildFile; fileRef = BA98ED9C2B7CB87A00284E4D /* SceneDelegate.swift */; };
		BA98ED9F2B7CB87A00284E4D /* ViewController.swift in Sources */ = {isa = PBXBuildFile; fileRef = BA98ED9E2B7CB87A00284E4D /* ViewController.swift */; };
		BA98EDA22B7CB87A00284E4D /* Main.storyboard in Resources */ = {isa = PBXBuildFile; fileRef = BA98EDA02B7CB87A00284E4D /* Main.storyboard */; };
		BA98EDA42B7CB87B00284E4D /* Assets.xcassets in Resources */ = {isa = PBXBuildFile; fileRef = BA98EDA32B7CB87B00284E4D /* Assets.xcassets */; };
		BA98EDA72B7CB87B00284E4D /* LaunchScreen.storyboard in Resources */ = {isa = PBXBuildFile; fileRef = BA98EDA52B7CB87B00284E4D /* LaunchScreen.storyboard */; };
		BA98EDB22B7CB87B00284E4D /* naRahateTests.swift in Sources */ = {isa = PBXBuildFile; fileRef = BA98EDB12B7CB87B00284E4D /* naRahateTests.swift */; };
		BA98EDBC2B7CB87B00284E4D /* naRahateUITests.swift in Sources */ = {isa = PBXBuildFile; fileRef = BA98EDBB2B7CB87B00284E4D /* naRahateUITests.swift */; };
		BA98EDBE2B7CB87B00284E4D /* naRahateUITestsLaunchTests.swift in Sources */ = {isa = PBXBuildFile; fileRef = BA98EDBD2B7CB87B00284E4D /* naRahateUITestsLaunchTests.swift */; };
		BA98EDCB2B7CBA4600284E4D /* TableViewController.swift in Sources */ = {isa = PBXBuildFile; fileRef = BA98EDCA2B7CBA4600284E4D /* TableViewController.swift */; };
/* End PBXBuildFile section */

/* Begin PBXContainerItemProxy section */
		BA98EDAE2B7CB87B00284E4D /* PBXContainerItemProxy */ = {
			isa = PBXContainerItemProxy;
			containerPortal = BA98ED8F2B7CB87A00284E4D /* Project object */;
			proxyType = 1;
			remoteGlobalIDString = BA98ED962B7CB87A00284E4D;
			remoteInfo = naRahate;
		};
		BA98EDB82B7CB87B00284E4D /* PBXContainerItemProxy */ = {
			isa = PBXContainerItemProxy;
			containerPortal = BA98ED8F2B7CB87A00284E4D /* Project object */;
			proxyType = 1;
			remoteGlobalIDString = BA98ED962B7CB87A00284E4D;
			remoteInfo = naRahate;
		};
/* End PBXContainerItemProxy section */

/* Begin PBXFileReference section */
		BA98ED972B7CB87A00284E4D /* naRahate.app */ = {isa = PBXFileReference; explicitFileType = wrapper.application; includeInIndex = 0; path = naRahate.app; sourceTree = BUILT_PRODUCTS_DIR; };
		BA98ED9A2B7CB87A00284E4D /* AppDelegate.swift */ = {isa = PBXFileReference; lastKnownFileType = sourcecode.swift; path = AppDelegate.swift; sourceTree = "<group>"; };
		BA98ED9C2B7CB87A00284E4D /* SceneDelegate.swift */ = {isa = PBXFileReference; lastKnownFileType = sourcecode.swift; path = SceneDelegate.swift; sourceTree = "<group>"; };
		BA98ED9E2B7CB87A00284E4D /* ViewController.swift */ = {isa = PBXFileReference; lastKnownFileType = sourcecode.swift; path = ViewController.swift; sourceTree = "<group>"; };
		BA98EDA12B7CB87A00284E4D /* Base */ = {isa = PBXFileReference; lastKnownFileType = file.storyboard; name = Base; path = Base.lproj/Main.storyboard; sourceTree = "<group>"; };
		BA98EDA32B7CB87B00284E4D /* Assets.xcassets */ = {isa = PBXFileReference; lastKnownFileType = folder.assetcatalog; path = Assets.xcassets; sourceTree = "<group>"; };
		BA98EDA62B7CB87B00284E4D /* Base */ = {isa = PBXFileReference; lastKnownFileType = file.storyboard; name = Base; path = Base.lproj/LaunchScreen.storyboard; sourceTree = "<group>"; };
		BA98EDA82B7CB87B00284E4D /* Info.plist */ = {isa = PBXFileReference; lastKnownFileType = text.plist.xml; path = Info.plist; sourceTree = "<group>"; };
		BA98EDAD2B7CB87B00284E4D /* naRahateTests.xctest */ = {isa = PBXFileReference; explicitFileType = wrapper.cfbundle; includeInIndex = 0; path = naRahateTests.xctest; sourceTree = BUILT_PRODUCTS_DIR; };
		BA98EDB12B7CB87B00284E4D /* naRahateTests.swift */ = {isa = PBXFileReference; lastKnownFileType = sourcecode.swift; path = naRahateTests.swift; sourceTree = "<group>"; };
		BA98EDB72B7CB87B00284E4D /* naRahateUITests.xctest */ = {isa = PBXFileReference; explicitFileType = wrapper.cfbundle; includeInIndex = 0; path = naRahateUITests.xctest; sourceTree = BUILT_PRODUCTS_DIR; };
		BA98EDBB2B7CB87B00284E4D /* naRahateUITests.swift */ = {isa = PBXFileReference; lastKnownFileType = sourcecode.swift; path = naRahateUITests.swift; sourceTree = "<group>"; };
		BA98EDBD2B7CB87B00284E4D /* naRahateUITestsLaunchTests.swift */ = {isa = PBXFileReference; lastKnownFileType = sourcecode.swift; path = naRahateUITestsLaunchTests.swift; sourceTree = "<group>"; };
		BA98EDCA2B7CBA4600284E4D /* TableViewController.swift */ = {isa = PBXFileReference; lastKnownFileType = sourcecode.swift; path = TableViewController.swift; sourceTree = "<group>"; };
/* End PBXFileReference section */

/* Begin PBXFrameworksBuildPhase section */
		BA98ED942B7CB87A00284E4D /* Frameworks */ = {
			isa = PBXFrameworksBuildPhase;
			buildActionMask = 2147483647;
			files = (
			);
			runOnlyForDeploymentPostprocessing = 0;
		};
		BA98EDAA2B7CB87B00284E4D /* Frameworks */ = {
			isa = PBXFrameworksBuildPhase;
			buildActionMask = 2147483647;
			files = (
			);
			runOnlyForDeploymentPostprocessing = 0;
		};
		BA98EDB42B7CB87B00284E4D /* Frameworks */ = {
			isa = PBXFrameworksBuildPhase;
			buildActionMask = 2147483647;
			files = (
			);
			runOnlyForDeploymentPostprocessing = 0;
		};
/* End PBXFrameworksBuildPhase section */

/* Begin PBXGroup section */
		BA98ED8E2B7CB87A00284E4D = {
			isa = PBXGroup;
			children = (
				BA98ED992B7CB87A00284E4D /* naRahate */,
				BA98EDB02B7CB87B00284E4D /* naRahateTests */,
				BA98EDBA2B7CB87B00284E4D /* naRahateUITests */,
				BA98ED982B7CB87A00284E4D /* Products */,
			);
			sourceTree = "<group>";
		};
		BA98ED982B7CB87A00284E4D /* Products */ = {
			isa = PBXGroup;
			children = (
				BA98ED972B7CB87A00284E4D /* naRahate.app */,
				BA98EDAD2B7CB87B00284E4D /* naRahateTests.xctest */,
				BA98EDB72B7CB87B00284E4D /* naRahateUITests.xctest */,
			);
			name = Products;
			sourceTree = "<group>";
		};
		BA98ED992B7CB87A00284E4D /* naRahate */ = {
			isa = PBXGroup;
			children = (
				BA98ED9A2B7CB87A00284E4D /* AppDelegate.swift */,
				BA98ED9C2B7CB87A00284E4D /* SceneDelegate.swift */,
				BA98ED9E2B7CB87A00284E4D /* ViewController.swift */,
				BA98EDA02B7CB87A00284E4D /* Main.storyboard */,
				BA98EDCA2B7CBA4600284E4D /* TableViewController.swift */,
				BA98EDA32B7CB87B00284E4D /* Assets.xcassets */,
				BA98EDA52B7CB87B00284E4D /* LaunchScreen.storyboard */,
				BA98EDA82B7CB87B00284E4D /* Info.plist */,
			);
			path = naRahate;
			sourceTree = "<group>";
		};
		BA98EDB02B7CB87B00284E4D /* naRahateTests */ = {
			isa = PBXGroup;
			children = (
				BA98EDB12B7CB87B00284E4D /* naRahateTests.swift */,
			);
			path = naRahateTests;
			sourceTree = "<group>";
		};
		BA98EDBA2B7CB87B00284E4D /* naRahateUITests */ = {
			isa = PBXGroup;
			children = (
				BA98EDBB2B7CB87B00284E4D /* naRahateUITests.swift */,
				BA98EDBD2B7CB87B00284E4D /* naRahateUITestsLaunchTests.swift */,
			);
			path = naRahateUITests;
			sourceTree = "<group>";
		};
/* End PBXGroup section */

/* Begin PBXNativeTarget section */
		BA98ED962B7CB87A00284E4D /* naRahate */ = {
			isa = PBXNativeTarget;
			buildConfigurationList = BA98EDC12B7CB87B00284E4D /* Build configuration list for PBXNativeTarget "naRahate" */;
			buildPhases = (
				BA98ED932B7CB87A00284E4D /* Sources */,
				BA98ED942B7CB87A00284E4D /* Frameworks */,
				BA98ED952B7CB87A00284E4D /* Resources */,
			);
			buildRules = (
			);
			dependencies = (
			);
			name = naRahate;
			productName = naRahate;
			productReference = BA98ED972B7CB87A00284E4D /* naRahate.app */;
			productType = "com.apple.product-type.application";
		};
		BA98EDAC2B7CB87B00284E4D /* naRahateTests */ = {
			isa = PBXNativeTarget;
			buildConfigurationList = BA98EDC42B7CB87B00284E4D /* Build configuration list for PBXNativeTarget "naRahateTests" */;
			buildPhases = (
				BA98EDA92B7CB87B00284E4D /* Sources */,
				BA98EDAA2B7CB87B00284E4D /* Frameworks */,
				BA98EDAB2B7CB87B00284E4D /* Resources */,
			);
			buildRules = (
			);
			dependencies = (
				BA98EDAF2B7CB87B00284E4D /* PBXTargetDependency */,
			);
			name = naRahateTests;
			productName = naRahateTests;
			productReference = BA98EDAD2B7CB87B00284E4D /* naRahateTests.xctest */;
			productType = "com.apple.product-type.bundle.unit-test";
		};
		BA98EDB62B7CB87B00284E4D /* naRahateUITests */ = {
			isa = PBXNativeTarget;
			buildConfigurationList = BA98EDC72B7CB87B00284E4D /* Build configuration list for PBXNativeTarget "naRahateUITests" */;
			buildPhases = (
				BA98EDB32B7CB87B00284E4D /* Sources */,
				BA98EDB42B7CB87B00284E4D /* Frameworks */,
				BA98EDB52B7CB87B00284E4D /* Resources */,
			);
			buildRules = (
			);
			dependencies = (
				BA98EDB92B7CB87B00284E4D /* PBXTargetDependency */,
			);
			name = naRahateUITests;
			productName = naRahateUITests;
			productReference = BA98EDB72B7CB87B00284E4D /* naRahateUITests.xctest */;
			productType = "com.apple.product-type.bundle.ui-testing";
		};
/* End PBXNativeTarget section */

/* Begin PBXProject section */
		BA98ED8F2B7CB87A00284E4D /* Project object */ = {
			isa = PBXProject;
			attributes = {
				BuildIndependentTargetsInParallel = 1;
				LastSwiftUpdateCheck = 1520;
				LastUpgradeCheck = 1520;
				TargetAttributes = {
					BA98ED962B7CB87A00284E4D = {
						CreatedOnToolsVersion = 15.2;
					};
					BA98EDAC2B7CB87B00284E4D = {
						CreatedOnToolsVersion = 15.2;
						TestTargetID = BA98ED962B7CB87A00284E4D;
					};
					BA98EDB62B7CB87B00284E4D = {
						CreatedOnToolsVersion = 15.2;
						TestTargetID = BA98ED962B7CB87A00284E4D;
					};
				};
			};
			buildConfigurationList = BA98ED922B7CB87A00284E4D /* Build configuration list for PBXProject "naRahate" */;
			compatibilityVersion = "Xcode 14.0";
			developmentRegion = en;
			hasScannedForEncodings = 0;
			knownRegions = (
				en,
				Base,
			);
			mainGroup = BA98ED8E2B7CB87A00284E4D;
			productRefGroup = BA98ED982B7CB87A00284E4D /* Products */;
			projectDirPath = "";
			projectRoot = "";
			targets = (
				BA98ED962B7CB87A00284E4D /* naRahate */,
				BA98EDAC2B7CB87B00284E4D /* naRahateTests */,
				BA98EDB62B7CB87B00284E4D /* naRahateUITests */,
			);
		};
/* End PBXProject section */

/* Begin PBXResourcesBuildPhase section */
		BA98ED952B7CB87A00284E4D /* Resources */ = {
			isa = PBXResourcesBuildPhase;
			buildActionMask = 2147483647;
			files = (
				BA98EDA72B7CB87B00284E4D /* LaunchScreen.storyboard in Resources */,
				BA98EDA42B7CB87B00284E4D /* Assets.xcassets in Resources */,
				BA98EDA22B7CB87A00284E4D /* Main.storyboard in Resources */,
			);
			runOnlyForDeploymentPostprocessing = 0;
		};
		BA98EDAB2B7CB87B00284E4D /* Resources */ = {
			isa = PBXResourcesBuildPhase;
			buildActionMask = 2147483647;
			files = (
			);
			runOnlyForDeploymentPostprocessing = 0;
		};
		BA98EDB52B7CB87B00284E4D /* Resources */ = {
			isa = PBXResourcesBuildPhase;
			buildActionMask = 2147483647;
			files = (
			);
			runOnlyForDeploymentPostprocessing = 0;
		};
/* End PBXResourcesBuildPhase section */

/* Begin PBXSourcesBuildPhase section */
		BA98ED932B7CB87A00284E4D /* Sources */ = {
			isa = PBXSourcesBuildPhase;
			buildActionMask = 2147483647;
			files = (
				BA98ED9F2B7CB87A00284E4D /* ViewController.swift in Sources */,
				BA98ED9B2B7CB87A00284E4D /* AppDelegate.swift in Sources */,
				BA98ED9D2B7CB87A00284E4D /* SceneDelegate.swift in Sources */,
				BA98EDCB2B7CBA4600284E4D /* TableViewController.swift in Sources */,
			);
			runOnlyForDeploymentPostprocessing = 0;
		};
		BA98EDA92B7CB87B00284E4D /* Sources */ = {
			isa = PBXSourcesBuildPhase;
			buildActionMask = 2147483647;
			files = (
				BA98EDB22B7CB87B00284E4D /* naRahateTests.swift in Sources */,
			);
			runOnlyForDeploymentPostprocessing = 0;
		};
		BA98EDB32B7CB87B00284E4D /* Sources */ = {
			isa = PBXSourcesBuildPhase;
			buildActionMask = 2147483647;
			files = (
				BA98EDBE2B7CB87B00284E4D /* naRahateUITestsLaunchTests.swift in Sources */,
				BA98EDBC2B7CB87B00284E4D /* naRahateUITests.swift in Sources */,
			);
			runOnlyForDeploymentPostprocessing = 0;
		};
/* End PBXSourcesBuildPhase section */

/* Begin PBXTargetDependency section */
		BA98EDAF2B7CB87B00284E4D /* PBXTargetDependency */ = {
			isa = PBXTargetDependency;
			target = BA98ED962B7CB87A00284E4D /* naRahate */;
			targetProxy = BA98EDAE2B7CB87B00284E4D /* PBXContainerItemProxy */;
		};
		BA98EDB92B7CB87B00284E4D /* PBXTargetDependency */ = {
			isa = PBXTargetDependency;
			target = BA98ED962B7CB87A00284E4D /* naRahate */;
			targetProxy = BA98EDB82B7CB87B00284E4D /* PBXContainerItemProxy */;
		};
/* End PBXTargetDependency section */

/* Begin PBXVariantGroup section */
		BA98EDA02B7CB87A00284E4D /* Main.storyboard */ = {
			isa = PBXVariantGroup;
			children = (
				BA98EDA12B7CB87A00284E4D /* Base */,
			);
			name = Main.storyboard;
			sourceTree = "<group>";
		};
		BA98EDA52B7CB87B00284E4D /* LaunchScreen.storyboard */ = {
			isa = PBXVariantGroup;
			children = (
				BA98EDA62B7CB87B00284E4D /* Base */,
			);
			name = LaunchScreen.storyboard;
			sourceTree = "<group>";
		};
/* End PBXVariantGroup section */

/* Begin XCBuildConfiguration section */
		BA98EDBF2B7CB87B00284E4D /* Debug */ = {
			isa = XCBuildConfiguration;
			buildSettings = {
				ALWAYS_SEARCH_USER_PATHS = NO;
				ASSETCATALOG_COMPILER_GENERATE_SWIFT_ASSET_SYMBOL_EXTENSIONS = YES;
				CLANG_ANALYZER_NONNULL = YES;
				CLANG_ANALYZER_NUMBER_OBJECT_CONVERSION = YES_AGGRESSIVE;
				CLANG_CXX_LANGUAGE_STANDARD = "gnu++20";
				CLANG_ENABLE_MODULES = YES;
				CLANG_ENABLE_OBJC_ARC = YES;
				CLANG_ENABLE_OBJC_WEAK = YES;
				CLANG_WARN_BLOCK_CAPTURE_AUTORELEASING = YES;
				CLANG_WARN_BOOL_CONVERSION = YES;
				CLANG_WARN_COMMA = YES;
				CLANG_WARN_CONSTANT_CONVERSION = YES;
				CLANG_WARN_DEPRECATED_OBJC_IMPLEMENTATIONS = YES;
				CLANG_WARN_DIRECT_OBJC_ISA_USAGE = YES_ERROR;
				CLANG_WARN_DOCUMENTATION_COMMENTS = YES;
				CLANG_WARN_EMPTY_BODY = YES;
				CLANG_WARN_ENUM_CONVERSION = YES;
				CLANG_WARN_INFINITE_RECURSION = YES;
				CLANG_WARN_INT_CONVERSION = YES;
				CLANG_WARN_NON_LITERAL_NULL_CONVERSION = YES;
				CLANG_WARN_OBJC_IMPLICIT_RETAIN_SELF = YES;
				CLANG_WARN_OBJC_LITERAL_CONVERSION = YES;
				CLANG_WARN_OBJC_ROOT_CLASS = YES_ERROR;
				CLANG_WARN_QUOTED_INCLUDE_IN_FRAMEWORK_HEADER = YES;
				CLANG_WARN_RANGE_LOOP_ANALYSIS = YES;
				CLANG_WARN_STRICT_PROTOTYPES = YES;
				CLANG_WARN_SUSPICIOUS_MOVE = YES;
				CLANG_WARN_UNGUARDED_AVAILABILITY = YES_AGGRESSIVE;
				CLANG_WARN_UNREACHABLE_CODE = YES;
				CLANG_WARN__DUPLICATE_METHOD_MATCH = YES;
				COPY_PHASE_STRIP = NO;
				DEBUG_INFORMATION_FORMAT = dwarf;
				ENABLE_STRICT_OBJC_MSGSEND = YES;
				ENABLE_TESTABILITY = YES;
				ENABLE_USER_SCRIPT_SANDBOXING = YES;
				GCC_C_LANGUAGE_STANDARD = gnu17;
				GCC_DYNAMIC_NO_PIC = NO;
				GCC_NO_COMMON_BLOCKS = YES;
				GCC_OPTIMIZATION_LEVEL = 0;
				GCC_PREPROCESSOR_DEFINITIONS = (
					"DEBUG=1",
					"$(inherited)",
				);
				GCC_WARN_64_TO_32_BIT_CONVERSION = YES;
				GCC_WARN_ABOUT_RETURN_TYPE = YES_ERROR;
				GCC_WARN_UNDECLARED_SELECTOR = YES;
				GCC_WARN_UNINITIALIZED_AUTOS = YES_AGGRESSIVE;
				GCC_WARN_UNUSED_FUNCTION = YES;
				GCC_WARN_UNUSED_VARIABLE = YES;
				IPHONEOS_DEPLOYMENT_TARGET = 17.2;
				LOCALIZATION_PREFERS_STRING_CATALOGS = YES;
				MTL_ENABLE_DEBUG_INFO = INCLUDE_SOURCE;
				MTL_FAST_MATH = YES;
				ONLY_ACTIVE_ARCH = YES;
				SDKROOT = iphoneos;
				SWIFT_ACTIVE_COMPILATION_CONDITIONS = "DEBUG $(inherited)";
				SWIFT_OPTIMIZATION_LEVEL = "-Onone";
			};
			name = Debug;
		};
		BA98EDC02B7CB87B00284E4D /* Release */ = {
			isa = XCBuildConfiguration;
			buildSettings = {
				ALWAYS_SEARCH_USER_PATHS = NO;
				ASSETCATALOG_COMPILER_GENERATE_SWIFT_ASSET_SYMBOL_EXTENSIONS = YES;
				CLANG_ANALYZER_NONNULL = YES;
				CLANG_ANALYZER_NUMBER_OBJECT_CONVERSION = YES_AGGRESSIVE;
				CLANG_CXX_LANGUAGE_STANDARD = "gnu++20";
				CLANG_ENABLE_MODULES = YES;
				CLANG_ENABLE_OBJC_ARC = YES;
				CLANG_ENABLE_OBJC_WEAK = YES;
				CLANG_WARN_BLOCK_CAPTURE_AUTORELEASING = YES;
				CLANG_WARN_BOOL_CONVERSION = YES;
				CLANG_WARN_COMMA = YES;
				CLANG_WARN_CONSTANT_CONVERSION = YES;
				CLANG_WARN_DEPRECATED_OBJC_IMPLEMENTATIONS = YES;
				CLANG_WARN_DIRECT_OBJC_ISA_USAGE = YES_ERROR;
				CLANG_WARN_DOCUMENTATION_COMMENTS = YES;
				CLANG_WARN_EMPTY_BODY = YES;
				CLANG_WARN_ENUM_CONVERSION = YES;
				CLANG_WARN_INFINITE_RECURSION = YES;
				CLANG_WARN_INT_CONVERSION = YES;
				CLANG_WARN_NON_LITERAL_NULL_CONVERSION = YES;
				CLANG_WARN_OBJC_IMPLICIT_RETAIN_SELF = YES;
				CLANG_WARN_OBJC_LITERAL_CONVERSION = YES;
				CLANG_WARN_OBJC_ROOT_CLASS = YES_ERROR;
				CLANG_WARN_QUOTED_INCLUDE_IN_FRAMEWORK_HEADER = YES;
				CLANG_WARN_RANGE_LOOP_ANALYSIS = YES;
				CLANG_WARN_STRICT_PROTOTYPES = YES;
				CLANG_WARN_SUSPICIOUS_MOVE = YES;
				CLANG_WARN_UNGUARDED_AVAILABILITY = YES_AGGRESSIVE;
				CLANG_WARN_UNREACHABLE_CODE = YES;
				CLANG_WARN__DUPLICATE_METHOD_MATCH = YES;
				COPY_PHASE_STRIP = NO;
				DEBUG_INFORMATION_FORMAT = "dwarf-with-dsym";
				ENABLE_NS_ASSERTIONS = NO;
				ENABLE_STRICT_OBJC_MSGSEND = YES;
				ENABLE_USER_SCRIPT_SANDBOXING = YES;
				GCC_C_LANGUAGE_STANDARD = gnu17;
				GCC_NO_COMMON_BLOCKS = YES;
				GCC_WARN_64_TO_32_BIT_CONVERSION = YES;
				GCC_WARN_ABOUT_RETURN_TYPE = YES_ERROR;
				GCC_WARN_UNDECLARED_SELECTOR = YES;
				GCC_WARN_UNINITIALIZED_AUTOS = YES_AGGRESSIVE;
				GCC_WARN_UNUSED_FUNCTION = YES;
				GCC_WARN_UNUSED_VARIABLE = YES;
				IPHONEOS_DEPLOYMENT_TARGET = 17.2;
				LOCALIZATION_PREFERS_STRING_CATALOGS = YES;
				MTL_ENABLE_DEBUG_INFO = NO;
				MTL_FAST_MATH = YES;
				SDKROOT = iphoneos;
				SWIFT_COMPILATION_MODE = wholemodule;
				VALIDATE_PRODUCT = YES;
			};
			name = Release;
		};
		BA98EDC22B7CB87B00284E4D /* Debug */ = {
			isa = XCBuildConfiguration;
			buildSettings = {
				ASSETCATALOG_COMPILER_APPICON_NAME = AppIcon;
				ASSETCATALOG_COMPILER_GLOBAL_ACCENT_COLOR_NAME = AccentColor;
				CODE_SIGN_STYLE = Automatic;
				CURRENT_PROJECT_VERSION = 1;
				DEVELOPMENT_TEAM = 2G9P37MK73;
				GENERATE_INFOPLIST_FILE = YES;
				INFOPLIST_FILE = naRahate/Info.plist;
				INFOPLIST_KEY_LSApplicationCategoryType = "";
				INFOPLIST_KEY_NSLocationWhenInUseUsageDescription = "we need your location";
				INFOPLIST_KEY_UIApplicationSupportsIndirectInputEvents = YES;
				INFOPLIST_KEY_UILaunchStoryboardName = LaunchScreen;
				INFOPLIST_KEY_UIMainStoryboardFile = Main;
				INFOPLIST_KEY_UISupportedInterfaceOrientations_iPad = "UIInterfaceOrientationPortrait UIInterfaceOrientationPortraitUpsideDown UIInterfaceOrientationLandscapeLeft UIInterfaceOrientationLandscapeRight";
				INFOPLIST_KEY_UISupportedInterfaceOrientations_iPhone = "UIInterfaceOrientationPortrait UIInterfaceOrientationLandscapeLeft UIInterfaceOrientationLandscapeRight";
				LD_RUNPATH_SEARCH_PATHS = (
					"$(inherited)",
					"@executable_path/Frameworks",
				);
				MARKETING_VERSION = 1.0;
				PRODUCT_BUNDLE_IDENTIFIER = azamat.naRahate;
				PRODUCT_NAME = "$(TARGET_NAME)";
				SWIFT_EMIT_LOC_STRINGS = YES;
				SWIFT_VERSION = 5.0;
				TARGETED_DEVICE_FAMILY = "1,2";
			};
			name = Debug;
		};
		BA98EDC32B7CB87B00284E4D /* Release */ = {
			isa = XCBuildConfiguration;
			buildSettings = {
				ASSETCATALOG_COMPILER_APPICON_NAME = AppIcon;
				ASSETCATALOG_COMPILER_GLOBAL_ACCENT_COLOR_NAME = AccentColor;
				CODE_SIGN_STYLE = Automatic;
				CURRENT_PROJECT_VERSION = 1;
				DEVELOPMENT_TEAM = 2G9P37MK73;
				GENERATE_INFOPLIST_FILE = YES;
				INFOPLIST_FILE = naRahate/Info.plist;
				INFOPLIST_KEY_LSApplicationCategoryType = "";
				INFOPLIST_KEY_NSLocationWhenInUseUsageDescription = "we need your location";
				INFOPLIST_KEY_UIApplicationSupportsIndirectInputEvents = YES;
				INFOPLIST_KEY_UILaunchStoryboardName = LaunchScreen;
				INFOPLIST_KEY_UIMainStoryboardFile = Main;
				INFOPLIST_KEY_UISupportedInterfaceOrientations_iPad = "UIInterfaceOrientationPortrait UIInterfaceOrientationPortraitUpsideDown UIInterfaceOrientationLandscapeLeft UIInterfaceOrientationLandscapeRight";
				INFOPLIST_KEY_UISupportedInterfaceOrientations_iPhone = "UIInterfaceOrientationPortrait UIInterfaceOrientationLandscapeLeft UIInterfaceOrientationLandscapeRight";
				LD_RUNPATH_SEARCH_PATHS = (
					"$(inherited)",
					"@executable_path/Frameworks",
				);
				MARKETING_VERSION = 1.0;
				PRODUCT_BUNDLE_IDENTIFIER = azamat.naRahate;
				PRODUCT_NAME = "$(TARGET_NAME)";
				SWIFT_EMIT_LOC_STRINGS = YES;
				SWIFT_VERSION = 5.0;
				TARGETED_DEVICE_FAMILY = "1,2";
			};
			name = Release;
		};
		BA98EDC52B7CB87B00284E4D /* Debug */ = {
			isa = XCBuildConfiguration;
			buildSettings = {
				ALWAYS_EMBED_SWIFT_STANDARD_LIBRARIES = YES;
				BUNDLE_LOADER = "$(TEST_HOST)";
				CODE_SIGN_STYLE = Automatic;
				CURRENT_PROJECT_VERSION = 1;
				GENERATE_INFOPLIST_FILE = YES;
				IPHONEOS_DEPLOYMENT_TARGET = 17.2;
				MARKETING_VERSION = 1.0;
				PRODUCT_BUNDLE_IDENTIFIER = azamat.naRahateTests;
				PRODUCT_NAME = "$(TARGET_NAME)";
				SWIFT_EMIT_LOC_STRINGS = NO;
				SWIFT_VERSION = 5.0;
				TARGETED_DEVICE_FAMILY = "1,2";
				TEST_HOST = "$(BUILT_PRODUCTS_DIR)/naRahate.app/$(BUNDLE_EXECUTABLE_FOLDER_PATH)/naRahate";
			};
			name = Debug;
		};
		BA98EDC62B7CB87B00284E4D /* Release */ = {
			isa = XCBuildConfiguration;
			buildSettings = {
				ALWAYS_EMBED_SWIFT_STANDARD_LIBRARIES = YES;
				BUNDLE_LOADER = "$(TEST_HOST)";
				CODE_SIGN_STYLE = Automatic;
				CURRENT_PROJECT_VERSION = 1;
				GENERATE_INFOPLIST_FILE = YES;
				IPHONEOS_DEPLOYMENT_TARGET = 17.2;
				MARKETING_VERSION = 1.0;
				PRODUCT_BUNDLE_IDENTIFIER = azamat.naRahateTests;
				PRODUCT_NAME = "$(TARGET_NAME)";
				SWIFT_EMIT_LOC_STRINGS = NO;
				SWIFT_VERSION = 5.0;
				TARGETED_DEVICE_FAMILY = "1,2";
				TEST_HOST = "$(BUILT_PRODUCTS_DIR)/naRahate.app/$(BUNDLE_EXECUTABLE_FOLDER_PATH)/naRahate";
			};
			name = Release;
		};
		BA98EDC82B7CB87B00284E4D /* Debug */ = {
			isa = XCBuildConfiguration;
			buildSettings = {
				ALWAYS_EMBED_SWIFT_STANDARD_LIBRARIES = YES;
				CODE_SIGN_STYLE = Automatic;
				CURRENT_PROJECT_VERSION = 1;
				GENERATE_INFOPLIST_FILE = YES;
				MARKETING_VERSION = 1.0;
				PRODUCT_BUNDLE_IDENTIFIER = azamat.naRahateUITests;
				PRODUCT_NAME = "$(TARGET_NAME)";
				SWIFT_EMIT_LOC_STRINGS = NO;
				SWIFT_VERSION = 5.0;
				TARGETED_DEVICE_FAMILY = "1,2";
				TEST_TARGET_NAME = naRahate;
			};
			name = Debug;
		};
		BA98EDC92B7CB87B00284E4D /* Release */ = {
			isa = XCBuildConfiguration;
			buildSettings = {
				ALWAYS_EMBED_SWIFT_STANDARD_LIBRARIES = YES;
				CODE_SIGN_STYLE = Automatic;
				CURRENT_PROJECT_VERSION = 1;
				GENERATE_INFOPLIST_FILE = YES;
				MARKETING_VERSION = 1.0;
				PRODUCT_BUNDLE_IDENTIFIER = azamat.naRahateUITests;
				PRODUCT_NAME = "$(TARGET_NAME)";
				SWIFT_EMIT_LOC_STRINGS = NO;
				SWIFT_VERSION = 5.0;
				TARGETED_DEVICE_FAMILY = "1,2";
				TEST_TARGET_NAME = naRahate;
			};
			name = Release;
		};
/* End XCBuildConfiguration section */

/* Begin XCConfigurationList section */
		BA98ED922B7CB87A00284E4D /* Build configuration list for PBXProject "naRahate" */ = {
			isa = XCConfigurationList;
			buildConfigurations = (
				BA98EDBF2B7CB87B00284E4D /* Debug */,
				BA98EDC02B7CB87B00284E4D /* Release */,
			);
			defaultConfigurationIsVisible = 0;
			defaultConfigurationName = Release;
		};
		BA98EDC12B7CB87B00284E4D /* Build configuration list for PBXNativeTarget "naRahate" */ = {
			isa = XCConfigurationList;
			buildConfigurations = (
				BA98EDC22B7CB87B00284E4D /* Debug */,
				BA98EDC32B7CB87B00284E4D /* Release */,
			);
			defaultConfigurationIsVisible = 0;
			defaultConfigurationName = Release;
		};
		BA98EDC42B7CB87B00284E4D /* Build configuration list for PBXNativeTarget "naRahateTests" */ = {
			isa = XCConfigurationList;
			buildConfigurations = (
				BA98EDC52B7CB87B00284E4D /* Debug */,
				BA98EDC62B7CB87B00284E4D /* Release */,
			);
			defaultConfigurationIsVisible = 0;
			defaultConfigurationName = Release;
		};
		BA98EDC72B7CB87B00284E4D /* Build configuration list for PBXNativeTarget "naRahateUITests" */ = {
			isa = XCConfigurationList;
			buildConfigurations = (
				BA98EDC82B7CB87B00284E4D /* Debug */,
				BA98EDC92B7CB87B00284E4D /* Release */,
			);
			defaultConfigurationIsVisible = 0;
			defaultConfigurationName = Release;
		};
/* End XCConfigurationList section */
	};
	rootObject = BA98ED8F2B7CB87A00284E4D /* Project object */;
}
